
Microsoft Visual Studio Solution File, Format Version 12.00
# Visual Studio Version 17
VisualStudioVersion = 17.3.32901.215
MinimumVisualStudioVersion = 10.0.40219.1
Project("{FAE04EC0-301F-11D3-BF4B-00C04F79EFBC}") = "if-else listbox ornekleri-847", "if-else listbox ornekleri-847\if-else listbox ornekleri-847.csproj", "{7D75BF0A-6BDE-42F4-BBAC-A3388281CF37}"
EndProject
Global
	GlobalSection(SolutionConfigurationPlatforms) = preSolution
		Debug|Any CPU = Debug|Any CPU
		Release|Any CPU = Release|Any CPU
	EndGlobalSection
	GlobalSection(ProjectConfigurationPlatforms) = postSolution
		{7D75BF0A-6BDE-42F4-BBAC-A3388281CF37}.Debug|Any CPU.ActiveCfg = Debug|Any CPU
		{7D75BF0A-6BDE-42F4-BBAC-A3388281CF37}.Debug|Any CPU.Build.0 = Debug|Any CPU
		{7D75BF0A-6BDE-42F4-BBAC-A3388281CF37}.Release|Any CPU.ActiveCfg = Release|Any CPU
		{7D75BF0A-6BDE-42F4-BBAC-A3388281CF37}.Release|Any CPU.Build.0 = Release|Any CPU
	EndGlobalSection
	GlobalSection(SolutionProperties) = preSolution
		HideSolutionNode = FALSE
	EndGlobalSection
	GlobalSection(ExtensibilityGlobals) = postSolution
		SolutionGuid = {C95CD9AF-3A9B-4006-8715-3952F218BBBC}
	EndGlobalSection
EndGlobal
